<?xml version="1.0" encoding="utf-8"?>
<Project ToolsVersion="18.0" xmlns="http://schemas.microsoft.com/developer/msbuild/2003">
  <ItemGroup>
    <CustomBuild Include="D:\Cpp\my_libraries\netforge\Netforge-0.2.0-windows-x64-debug\debug\CMakeFiles\612056a5e37a78c3d1d8b80dde3cf88b\generate.stamp.rule">
      <Filter>CMake Rules</Filter>
    </CustomBuild>
  </ItemGroup>
  <ItemGroup>
    <Filter Include="CMake Rules">
      <UniqueIdentifier>{2556A767-6805-3A02-A93F-28C9EC881762}</UniqueIdentifier>
    </Filter>
  </ItemGroup>
</Project>
