<?xml version="1.0" encoding="utf-8"?>
<Project ToolsVersion="18.0" xmlns="http://schemas.microsoft.com/developer/msbuild/2003">
  <ItemGroup>
    <ClCompile Include="D:\Cpp\my_libraries\netforge\examples\tcp\TcpClient.cpp">
      <Filter>Source Files</Filter>
    </ClCompile>
  </ItemGroup>
  <ItemGroup>
    <CustomBuild Include="D:\Cpp\my_libraries\netforge\CMakeLists.txt" />
  </ItemGroup>
  <ItemGroup>
    <Filter Include="Source Files">
      <UniqueIdentifier>{19B2EB02-C217-3276-9016-4F0F0D8649EE}</UniqueIdentifier>
    </Filter>
  </ItemGroup>
</Project>
